
Microsoft Visual Studio Solution File, Format Version 12.00
# Visual Studio Version 16
VisualStudioVersion = 16.0.31702.278
MinimumVisualStudioVersion = 10.0.40219.1
Project("{2150E333-8FDC-42A3-9474-1A3956D46DE8}") = "Domain", "Domain", "{5567B852-D202-497F-9FAD-B73B9DB324E8}"
EndProject
Project("{2150E333-8FDC-42A3-9474-1A3956D46DE8}") = "Infra.Bus", "Infra.Bus", "{AE14E571-4562-4537-9C42-B6087A5BE687}"
EndProject
Project("{2150E333-8FDC-42A3-9474-1A3956D46DE8}") = "Infra.IoC", "Infra.IoC", "{1027B6DD-0A71-4CD9-8C6C-F51022F6A90C}"
EndProject
Project("{2150E333-8FDC-42A3-9474-1A3956D46DE8}") = "Microservices", "Microservices", "{3DE60D32-898A-421B-BD71-DAC789054C8B}"
EndProject
Project("{9A19103F-16F7-4668-BE54-9A1E7A4F7556}") = "MicroRabbit.Domain.Core", "MicroRabbit.Domain.Core\MicroRabbit.Domain.Core.csproj", "{6220C293-AB20-4C61-8914-211ADAA6EF72}"
EndProject
Project("{9A19103F-16F7-4668-BE54-9A1E7A4F7556}") = "MicroRabbit.Infra.Bus", "MicroRabbit.Infra.Bus\MicroRabbit.Infra.Bus.csproj", "{EBBED539-1D6F-4673-9184-77CAD4994512}"
EndProject
Project("{9A19103F-16F7-4668-BE54-9A1E7A4F7556}") = "MicroRabbit.Infra.IoC", "MicroRabbit.Infra.IoC\MicroRabbit.Infra.IoC.csproj", "{30F4E4DB-DADB-4D49-BF05-AFAEBCE54C54}"
EndProject
Project("{2150E333-8FDC-42A3-9474-1A3956D46DE8}") = "Banking", "Banking", "{07E03653-23B5-492E-9D70-26E5CC67FD8B}"
EndProject
Project("{2150E333-8FDC-42A3-9474-1A3956D46DE8}") = "Api", "Api", "{FC08A353-847D-41CA-9E8D-C3634AB2C316}"
EndProject
Project("{2150E333-8FDC-42A3-9474-1A3956D46DE8}") = "Domain", "Domain", "{F1CAD7BF-2CC7-41E2-8A2D-8CB31D442EE1}"
EndProject
Project("{2150E333-8FDC-42A3-9474-1A3956D46DE8}") = "Application", "Application", "{3B053C7D-3CE3-4392-9DE3-C6CF2C19679E}"
EndProject
Project("{2150E333-8FDC-42A3-9474-1A3956D46DE8}") = "Data", "Data", "{302FB102-9A00-418F-85A6-0947A57C0A94}"
EndProject
Project("{9A19103F-16F7-4668-BE54-9A1E7A4F7556}") = "MicroRabbit.Banking.Api", "MicroRabbit.Banking.Api\MicroRabbit.Banking.Api.csproj", "{F11364D6-7DA6-4919-A058-14A6E5C4AF6F}"
EndProject
Project("{9A19103F-16F7-4668-BE54-9A1E7A4F7556}") = "MicroRabbit.Banking.Application", "MicroRabbit.Banking.Application\MicroRabbit.Banking.Application.csproj", "{103F948C-D197-4918-872C-60BC32CB4E65}"
EndProject
Project("{9A19103F-16F7-4668-BE54-9A1E7A4F7556}") = "MicroRabbit.Banking.Data", "MicroRabbit.Banking.Data\MicroRabbit.Banking.Data.csproj", "{BAA48015-65DE-42B0-A54A-BF0011F16D67}"
EndProject
Project("{9A19103F-16F7-4668-BE54-9A1E7A4F7556}") = "MicroRabbit.Banking.Domain", "MicroRabbit.Banking.Domain\MicroRabbit.Banking.Domain.csproj", "{5CFC946E-7F11-4183-AE75-A6B85F5961F5}"
EndProject
Project("{2150E333-8FDC-42A3-9474-1A3956D46DE8}") = "Transfer", "Transfer", "{62279146-FAEE-4073-A9B7-6C6D150AEE64}"
EndProject
Project("{2150E333-8FDC-42A3-9474-1A3956D46DE8}") = "Api", "Api", "{E56E3AC8-BB9F-4C7D-93E7-0E7844AF5F64}"
EndProject
Project("{2150E333-8FDC-42A3-9474-1A3956D46DE8}") = "Application", "Application", "{DFF95529-5E45-4CD6-91DD-7BC875D95F12}"
EndProject
Project("{2150E333-8FDC-42A3-9474-1A3956D46DE8}") = "Data", "Data", "{CE16E34F-1A14-48D5-B0B2-0C8145798AAF}"
EndProject
Project("{2150E333-8FDC-42A3-9474-1A3956D46DE8}") = "Domain", "Domain", "{71184E0B-6998-40CC-B3DF-498D26AC7C63}"
EndProject
Project("{FAE04EC0-301F-11D3-BF4B-00C04F79EFBC}") = "MicroRabbit.Transfer.Api", "MicroRabbit.Transfer.Api\MicroRabbit.Transfer.Api.csproj", "{CD0581AA-2C4F-4119-9667-ED5A624F943F}"
EndProject
Project("{FAE04EC0-301F-11D3-BF4B-00C04F79EFBC}") = "MicroRabbit.Transfer.Application", "MicroRabbit.Transfer.Application\MicroRabbit.Transfer.Application.csproj", "{85B0C1CE-C4A0-4421-A708-6EA4D9E15191}"
EndProject
Project("{FAE04EC0-301F-11D3-BF4B-00C04F79EFBC}") = "MicroRabbit.Transfer.Data", "MicroRabbit.Transfer.Data\MicroRabbit.Transfer.Data.csproj", "{823A2B63-A401-4512-8497-D822A529C10F}"
EndProject
Project("{FAE04EC0-301F-11D3-BF4B-00C04F79EFBC}") = "MicroRabbit.Data.Domain", "MicroRabbit.Data.Domain\MicroRabbit.Data.Domain.csproj", "{E6F9E973-A630-4C14-9396-6A3B19779885}"
EndProject
Global
	GlobalSection(SolutionConfigurationPlatforms) = preSolution
		Debug|Any CPU = Debug|Any CPU
		Release|Any CPU = Release|Any CPU
	EndGlobalSection
	GlobalSection(ProjectConfigurationPlatforms) = postSolution
		{6220C293-AB20-4C61-8914-211ADAA6EF72}.Debug|Any CPU.ActiveCfg = Debug|Any CPU
		{6220C293-AB20-4C61-8914-211ADAA6EF72}.Debug|Any CPU.Build.0 = Debug|Any CPU
		{6220C293-AB20-4C61-8914-211ADAA6EF72}.Release|Any CPU.ActiveCfg = Release|Any CPU
		{6220C293-AB20-4C61-8914-211ADAA6EF72}.Release|Any CPU.Build.0 = Release|Any CPU
		{EBBED539-1D6F-4673-9184-77CAD4994512}.Debug|Any CPU.ActiveCfg = Debug|Any CPU
		{EBBED539-1D6F-4673-9184-77CAD4994512}.Debug|Any CPU.Build.0 = Debug|Any CPU
		{EBBED539-1D6F-4673-9184-77CAD4994512}.Release|Any CPU.ActiveCfg = Release|Any CPU
		{EBBED539-1D6F-4673-9184-77CAD4994512}.Release|Any CPU.Build.0 = Release|Any CPU
		{30F4E4DB-DADB-4D49-BF05-AFAEBCE54C54}.Debug|Any CPU.ActiveCfg = Debug|Any CPU
		{30F4E4DB-DADB-4D49-BF05-AFAEBCE54C54}.Debug|Any CPU.Build.0 = Debug|Any CPU
		{30F4E4DB-DADB-4D49-BF05-AFAEBCE54C54}.Release|Any CPU.ActiveCfg = Release|Any CPU
		{30F4E4DB-DADB-4D49-BF05-AFAEBCE54C54}.Release|Any CPU.Build.0 = Release|Any CPU
		{F11364D6-7DA6-4919-A058-14A6E5C4AF6F}.Debug|Any CPU.ActiveCfg = Debug|Any CPU
		{F11364D6-7DA6-4919-A058-14A6E5C4AF6F}.Debug|Any CPU.Build.0 = Debug|Any CPU
		{F11364D6-7DA6-4919-A058-14A6E5C4AF6F}.Release|Any CPU.ActiveCfg = Release|Any CPU
		{F11364D6-7DA6-4919-A058-14A6E5C4AF6F}.Release|Any CPU.Build.0 = Release|Any CPU
		{103F948C-D197-4918-872C-60BC32CB4E65}.Debug|Any CPU.ActiveCfg = Debug|Any CPU
		{103F948C-D197-4918-872C-60BC32CB4E65}.Debug|Any CPU.Build.0 = Debug|Any CPU
		{103F948C-D197-4918-872C-60BC32CB4E65}.Release|Any CPU.ActiveCfg = Release|Any CPU
		{103F948C-D197-4918-872C-60BC32CB4E65}.Release|Any CPU.Build.0 = Release|Any CPU
		{BAA48015-65DE-42B0-A54A-BF0011F16D67}.Debug|Any CPU.ActiveCfg = Debug|Any CPU
		{BAA48015-65DE-42B0-A54A-BF0011F16D67}.Debug|Any CPU.Build.0 = Debug|Any CPU
		{BAA48015-65DE-42B0-A54A-BF0011F16D67}.Release|Any CPU.ActiveCfg = Release|Any CPU
		{BAA48015-65DE-42B0-A54A-BF0011F16D67}.Release|Any CPU.Build.0 = Release|Any CPU
		{5CFC946E-7F11-4183-AE75-A6B85F5961F5}.Debug|Any CPU.ActiveCfg = Debug|Any CPU
		{5CFC946E-7F11-4183-AE75-A6B85F5961F5}.Debug|Any CPU.Build.0 = Debug|Any CPU
		{5CFC946E-7F11-4183-AE75-A6B85F5961F5}.Release|Any CPU.ActiveCfg = Release|Any CPU
		{5CFC946E-7F11-4183-AE75-A6B85F5961F5}.Release|Any CPU.Build.0 = Release|Any CPU
		{CD0581AA-2C4F-4119-9667-ED5A624F943F}.Debug|Any CPU.ActiveCfg = Debug|Any CPU
		{CD0581AA-2C4F-4119-9667-ED5A624F943F}.Debug|Any CPU.Build.0 = Debug|Any CPU
		{CD0581AA-2C4F-4119-9667-ED5A624F943F}.Release|Any CPU.ActiveCfg = Release|Any CPU
		{CD0581AA-2C4F-4119-9667-ED5A624F943F}.Release|Any CPU.Build.0 = Release|Any CPU
		{85B0C1CE-C4A0-4421-A708-6EA4D9E15191}.Debug|Any CPU.ActiveCfg = Debug|Any CPU
		{85B0C1CE-C4A0-4421-A708-6EA4D9E15191}.Debug|Any CPU.Build.0 = Debug|Any CPU
		{85B0C1CE-C4A0-4421-A708-6EA4D9E15191}.Release|Any CPU.ActiveCfg = Release|Any CPU
		{85B0C1CE-C4A0-4421-A708-6EA4D9E15191}.Release|Any CPU.Build.0 = Release|Any CPU
		{823A2B63-A401-4512-8497-D822A529C10F}.Debug|Any CPU.ActiveCfg = Debug|Any CPU
		{823A2B63-A401-4512-8497-D822A529C10F}.Debug|Any CPU.Build.0 = Debug|Any CPU
		{823A2B63-A401-4512-8497-D822A529C10F}.Release|Any CPU.ActiveCfg = Release|Any CPU
		{823A2B63-A401-4512-8497-D822A529C10F}.Release|Any CPU.Build.0 = Release|Any CPU
		{E6F9E973-A630-4C14-9396-6A3B19779885}.Debug|Any CPU.ActiveCfg = Debug|Any CPU
		{E6F9E973-A630-4C14-9396-6A3B19779885}.Debug|Any CPU.Build.0 = Debug|Any CPU
		{E6F9E973-A630-4C14-9396-6A3B19779885}.Release|Any CPU.ActiveCfg = Release|Any CPU
		{E6F9E973-A630-4C14-9396-6A3B19779885}.Release|Any CPU.Build.0 = Release|Any CPU
	EndGlobalSection
	GlobalSection(SolutionProperties) = preSolution
		HideSolutionNode = FALSE
	EndGlobalSection
	GlobalSection(NestedProjects) = preSolution
		{6220C293-AB20-4C61-8914-211ADAA6EF72} = {5567B852-D202-497F-9FAD-B73B9DB324E8}
		{EBBED539-1D6F-4673-9184-77CAD4994512} = {AE14E571-4562-4537-9C42-B6087A5BE687}
		{30F4E4DB-DADB-4D49-BF05-AFAEBCE54C54} = {1027B6DD-0A71-4CD9-8C6C-F51022F6A90C}
		{07E03653-23B5-492E-9D70-26E5CC67FD8B} = {3DE60D32-898A-421B-BD71-DAC789054C8B}
		{FC08A353-847D-41CA-9E8D-C3634AB2C316} = {07E03653-23B5-492E-9D70-26E5CC67FD8B}
		{F1CAD7BF-2CC7-41E2-8A2D-8CB31D442EE1} = {07E03653-23B5-492E-9D70-26E5CC67FD8B}
		{3B053C7D-3CE3-4392-9DE3-C6CF2C19679E} = {07E03653-23B5-492E-9D70-26E5CC67FD8B}
		{302FB102-9A00-418F-85A6-0947A57C0A94} = {07E03653-23B5-492E-9D70-26E5CC67FD8B}
		{F11364D6-7DA6-4919-A058-14A6E5C4AF6F} = {FC08A353-847D-41CA-9E8D-C3634AB2C316}
		{103F948C-D197-4918-872C-60BC32CB4E65} = {3B053C7D-3CE3-4392-9DE3-C6CF2C19679E}
		{BAA48015-65DE-42B0-A54A-BF0011F16D67} = {302FB102-9A00-418F-85A6-0947A57C0A94}
		{5CFC946E-7F11-4183-AE75-A6B85F5961F5} = {F1CAD7BF-2CC7-41E2-8A2D-8CB31D442EE1}
		{62279146-FAEE-4073-A9B7-6C6D150AEE64} = {3DE60D32-898A-421B-BD71-DAC789054C8B}
		{E56E3AC8-BB9F-4C7D-93E7-0E7844AF5F64} = {62279146-FAEE-4073-A9B7-6C6D150AEE64}
		{DFF95529-5E45-4CD6-91DD-7BC875D95F12} = {62279146-FAEE-4073-A9B7-6C6D150AEE64}
		{CE16E34F-1A14-48D5-B0B2-0C8145798AAF} = {62279146-FAEE-4073-A9B7-6C6D150AEE64}
		{71184E0B-6998-40CC-B3DF-498D26AC7C63} = {62279146-FAEE-4073-A9B7-6C6D150AEE64}
		{CD0581AA-2C4F-4119-9667-ED5A624F943F} = {E56E3AC8-BB9F-4C7D-93E7-0E7844AF5F64}
		{85B0C1CE-C4A0-4421-A708-6EA4D9E15191} = {DFF95529-5E45-4CD6-91DD-7BC875D95F12}
		{823A2B63-A401-4512-8497-D822A529C10F} = {CE16E34F-1A14-48D5-B0B2-0C8145798AAF}
		{E6F9E973-A630-4C14-9396-6A3B19779885} = {71184E0B-6998-40CC-B3DF-498D26AC7C63}
	EndGlobalSection
	GlobalSection(ExtensibilityGlobals) = postSolution
		SolutionGuid = {0BA5BB08-145C-4C5D-99C5-2C074E36787A}
	EndGlobalSection
EndGlobal
